lockfileVersion: 5.3

specifiers:
  is-plain-object: ^5.0.0

dependencies:
  is-plain-object: 5.0.0

packages:

  /is-plain-object/5.0.0:
    resolution: {integrity: sha512-VRSzKkbMm5jMDoKLbltAkFQ5Qr7VDiTFGXxYFXXowVj387GeGNOCsOH6Msy00SGZ3Fp84b1Naa1psqgcCIEP5Q==}
    engines: {node: '>=0.10.0'}
    dev: false
